{
  "object": {
    "pins": [
      {
        "package": "Networking",
        "repositoryURL": "https://github.com/rem0t/otusNetworkLib",
        "state": {
          "branch": null,
          "revision": "772f6d3b41f9fa2042cc26badb213ec2308c91cc",
          "version": "1.0.0"
        }
      }
    ]
  },
  "version": 1
}
