{
  "object": {
    "pins": [
      {
        "package": "Networking",
        "repositoryURL": "https://github.com/rem0t/otusNetworkLib",
        "state": {
          "branch": null,
          "revision": "689f68f2c980bbad6ddb097887569abeac509da9",
          "version": "1.0.2"
        }
      }
    ]
  },
  "version": 1
}
